
Microsoft Visual Studio Solution File, Format Version 12.00
# Visual Studio Version 17
VisualStudioVersion = 17.4.33213.308
MinimumVisualStudioVersion = 10.0.40219.1
Project("{FAE04EC0-301F-11D3-BF4B-00C04F79EFBC}") = "GitAZ", "GitAZ\GitAZ.csproj", "{B030DC67-63D7-4C5C-8F3B-7371E7A6F37D}"
EndProject
Global
	GlobalSection(SolutionConfigurationPlatforms) = preSolution
		Debug|Any CPU = Debug|Any CPU
		Release|Any CPU = Release|Any CPU
	EndGlobalSection
	GlobalSection(ProjectConfigurationPlatforms) = postSolution
		{B030DC67-63D7-4C5C-8F3B-7371E7A6F37D}.Debug|Any CPU.ActiveCfg = Debug|Any CPU
		{B030DC67-63D7-4C5C-8F3B-7371E7A6F37D}.Debug|Any CPU.Build.0 = Debug|Any CPU
		{B030DC67-63D7-4C5C-8F3B-7371E7A6F37D}.Release|Any CPU.ActiveCfg = Release|Any CPU
		{B030DC67-63D7-4C5C-8F3B-7371E7A6F37D}.Release|Any CPU.Build.0 = Release|Any CPU
	EndGlobalSection
	GlobalSection(SolutionProperties) = preSolution
		HideSolutionNode = FALSE
	EndGlobalSection
	GlobalSection(ExtensibilityGlobals) = postSolution
		SolutionGuid = {0F34344C-233B-4767-A365-EC9FF408A65C}
	EndGlobalSection
EndGlobal
